# THIS IS AN AUTOGENERATED FILE. DO NOT EDIT THIS FILE DIRECTLY.
# yarn lockfile v1


"@logseq/libs@^0.0.1-alpha.34":
  version "0.0.1-alpha.34"
  resolved "https://registry.yarnpkg.com/@logseq/libs/-/libs-0.0.1-alpha.34.tgz#19c43872f9cf21396ac3fe891b166c73b6f42d75"
  integrity sha512-tYxWUgRDe+nsZYM55UXqHyoHoBJhkFNcDQtfyFRfdbvP41fOQUKuyo0Przi/CXVtuTFaPnQmmlatvUeCAUyf4A==
  dependencies:
    csstype "^3.0.8"
    debug "^4.3.1"
    dompurify "^2.2.7"
    eventemitter3 "^4.0.7"
    path "^0.12.7"
    snake-case "^3.0.4"

asn1.js@^5.2.0:
  version "5.4.1"
  resolved "https://artifacts.werally.in/artifactory/api/npm/npm/asn1.js/-/asn1.js-5.4.1.tgz#11a980b84ebb91781ce35b0fdc2ee294e3783f07"
  integrity sha1-EamAuE67kXgc41sP3C7ilON4Pwc=
  dependencies:
    bn.js "^4.0.0"
    inherits "^2.0.1"
    minimalistic-assert "^1.0.0"
    safer-buffer "^2.1.0"

assert@^1.1.1:
  version "1.5.0"
  resolved "https://artifacts.werally.in/artifactory/api/npm/npm/assert/-/assert-1.5.0.tgz#55c109aaf6e0aefdb3dc4b71240c70bf574b18eb"
  integrity sha1-VcEJqvbgrv2z3EtxJAxwv1dLGOs=
  dependencies:
    object-assign "^4.1.1"
    util "0.10.3"

base64-js@^1.0.2:
  version "1.5.1"
  resolved "https://artifacts.werally.in/artifactory/api/npm/npm/base64-js/-/base64-js-1.5.1.tgz#1b1b440160a5bf7ad40b650f095963481903930a"
  integrity sha1-GxtEAWClv3rUC2UPCVljSBkDkwo=

bn.js@^4.0.0, bn.js@^4.1.0, bn.js@^4.11.9:
  version "4.12.0"
  resolved "https://artifacts.werally.in/artifactory/api/npm/npm/bn.js/-/bn.js-4.12.0.tgz#775b3f278efbb9718eec7361f483fb36fbbfea88"
  integrity sha1-d1s/J477uXGO7HNh9IP7Nvu/6og=

bn.js@^5.0.0, bn.js@^5.1.1:
  version "5.2.0"
  resolved "https://artifacts.werally.in/artifactory/api/npm/npm/bn.js/-/bn.js-5.2.0.tgz#358860674396c6997771a9d051fcc1b57d4ae002"
  integrity sha1-NYhgZ0OWxpl3canQUfzBtX1K4AI=

brorand@^1.0.1, brorand@^1.1.0:
  version "1.1.0"
  resolved "https://artifacts.werally.in/artifactory/api/npm/npm/brorand/-/brorand-1.1.0.tgz#12c25efe40a45e3c323eb8675a0a0ce57b22371f"
  integrity sha1-EsJe/kCkXjwyPrhnWgoM5XsiNx8=

browserify-aes@^1.0.0, browserify-aes@^1.0.4:
  version "1.2.0"
  resolved "https://artifacts.werally.in/artifactory/api/npm/npm/browserify-aes/-/browserify-aes-1.2.0.tgz#326734642f403dabc3003209853bb70ad428ef48"
  integrity sha1-Mmc0ZC9APavDADIJhTu3CtQo70g=
  dependencies:
    buffer-xor "^1.0.3"
    cipher-base "^1.0.0"
    create-hash "^1.1.0"
    evp_bytestokey "^1.0.3"
    inherits "^2.0.1"
    safe-buffer "^5.0.1"

browserify-cipher@^1.0.0:
  version "1.0.1"
  resolved "https://artifacts.werally.in/artifactory/api/npm/npm/browserify-cipher/-/browserify-cipher-1.0.1.tgz#8d6474c1b870bfdabcd3bcfcc1934a10e94f15f0"
  integrity sha1-jWR0wbhwv9q807z8wZNKEOlPFfA=
  dependencies:
    browserify-aes "^1.0.4"
    browserify-des "^1.0.0"
    evp_bytestokey "^1.0.0"

browserify-des@^1.0.0:
  version "1.0.2"
  resolved "https://artifacts.werally.in/artifactory/api/npm/npm/browserify-des/-/browserify-des-1.0.2.tgz#3af4f1f59839403572f1c66204375f7a7f703e9c"
  integrity sha1-OvTx9Zg5QDVy8cZiBDdfen9wPpw=
  dependencies:
    cipher-base "^1.0.1"
    des.js "^1.0.0"
    inherits "^2.0.1"
    safe-buffer "^5.1.2"

browserify-rsa@^4.0.0, browserify-rsa@^4.0.1:
  version "4.1.0"
  resolved "https://artifacts.werally.in/artifactory/api/npm/npm/browserify-rsa/-/browserify-rsa-4.1.0.tgz#b2fd06b5b75ae297f7ce2dc651f918f5be158c8d"
  integrity sha1-sv0Gtbda4pf3zi3GUfkY9b4VjI0=
  dependencies:
    bn.js "^5.0.0"
    randombytes "^2.0.1"

browserify-sign@^4.0.0:
  version "4.2.1"
  resolved "https://artifacts.werally.in/artifactory/api/npm/npm/browserify-sign/-/browserify-sign-4.2.1.tgz#eaf4add46dd54be3bb3b36c0cf15abbeba7956c3"
  integrity sha1-6vSt1G3VS+O7OzbAzxWrvrp5VsM=
  dependencies:
    bn.js "^5.1.1"
    browserify-rsa "^4.0.1"
    create-hash "^1.2.0"
    create-hmac "^1.1.7"
    elliptic "^6.5.3"
    inherits "^2.0.4"
    parse-asn1 "^5.1.5"
    readable-stream "^3.6.0"
    safe-buffer "^5.2.0"

browserify-zlib@^0.2.0:
  version "0.2.0"
  resolved "https://artifacts.werally.in/artifactory/api/npm/npm/browserify-zlib/-/browserify-zlib-0.2.0.tgz#2869459d9aa3be245fe8fe2ca1f46e2e7f54d73f"
  integrity sha1-KGlFnZqjviRf6P4sofRuLn9U1z8=
  dependencies:
    pako "~1.0.5"

buffer-xor@^1.0.3:
  version "1.0.3"
  resolved "https://artifacts.werally.in/artifactory/api/npm/npm/buffer-xor/-/buffer-xor-1.0.3.tgz#26e61ed1422fb70dd42e6e36729ed51d855fe8d9"
  integrity sha1-JuYe0UIvtw3ULm42cp7VHYVf6Nk=

buffer@^4.3.0:
  version "4.9.2"
  resolved "https://artifacts.werally.in/artifactory/api/npm/npm/buffer/-/buffer-4.9.2.tgz#230ead344002988644841ab0244af8c44bbe3ef8"
  integrity sha1-Iw6tNEACmIZEhBqwJEr4xEu+Pvg=
  dependencies:
    base64-js "^1.0.2"
    ieee754 "^1.1.4"
    isarray "^1.0.0"

builtin-status-codes@^3.0.0:
  version "3.0.0"
  resolved "https://artifacts.werally.in/artifactory/api/npm/npm/builtin-status-codes/-/builtin-status-codes-3.0.0.tgz#85982878e21b98e1c66425e03d0174788f569ee8"
  integrity sha1-hZgoeOIbmOHGZCXgPQF0eI9Wnug=

cipher-base@^1.0.0, cipher-base@^1.0.1, cipher-base@^1.0.3:
  version "1.0.4"
  resolved "https://artifacts.werally.in/artifactory/api/npm/npm/cipher-base/-/cipher-base-1.0.4.tgz#8760e4ecc272f4c363532f926d874aae2c1397de"
  integrity sha1-h2Dk7MJy9MNjUy+SbYdKriwTl94=
  dependencies:
    inherits "^2.0.1"
    safe-buffer "^5.0.1"

console-browserify@^1.1.0:
  version "1.2.0"
  resolved "https://artifacts.werally.in/artifactory/api/npm/npm/console-browserify/-/console-browserify-1.2.0.tgz#67063cef57ceb6cf4993a2ab3a55840ae8c49336"
  integrity sha1-ZwY871fOts9Jk6KrOlWECujEkzY=

constants-browserify@^1.0.0:
  version "1.0.0"
  resolved "https://artifacts.werally.in/artifactory/api/npm/npm/constants-browserify/-/constants-browserify-1.0.0.tgz#c20b96d8c617748aaf1c16021760cd27fcb8cb75"
  integrity sha1-wguW2MYXdIqvHBYCF2DNJ/y4y3U=

core-util-is@~1.0.0:
  version "1.0.3"
  resolved "https://artifacts.werally.in/artifactory/api/npm/npm/core-util-is/-/core-util-is-1.0.3.tgz#a6042d3634c2b27e9328f837b965fac83808db85"
  integrity sha1-pgQtNjTCsn6TKPg3uWX6yDgI24U=

create-ecdh@^4.0.0:
  version "4.0.4"
  resolved "https://artifacts.werally.in/artifactory/api/npm/npm/create-ecdh/-/create-ecdh-4.0.4.tgz#d6e7f4bffa66736085a0762fd3a632684dabcc4e"
  integrity sha1-1uf0v/pmc2CFoHYv06YyaE2rzE4=
  dependencies:
    bn.js "^4.1.0"
    elliptic "^6.5.3"

create-hash@^1.1.0, create-hash@^1.1.2, create-hash@^1.2.0:
  version "1.2.0"
  resolved "https://artifacts.werally.in/artifactory/api/npm/npm/create-hash/-/create-hash-1.2.0.tgz#889078af11a63756bcfb59bd221996be3a9ef196"
  integrity sha1-iJB4rxGmN1a8+1m9IhmWvjqe8ZY=
  dependencies:
    cipher-base "^1.0.1"
    inherits "^2.0.1"
    md5.js "^1.3.4"
    ripemd160 "^2.0.1"
    sha.js "^2.4.0"

create-hmac@^1.1.0, create-hmac@^1.1.4, create-hmac@^1.1.7:
  version "1.1.7"
  resolved "https://artifacts.werally.in/artifactory/api/npm/npm/create-hmac/-/create-hmac-1.1.7.tgz#69170c78b3ab957147b2b8b04572e47ead2243ff"
  integrity sha1-aRcMeLOrlXFHsriwRXLkfq0iQ/8=
  dependencies:
    cipher-base "^1.0.3"
    create-hash "^1.1.0"
    inherits "^2.0.1"
    ripemd160 "^2.0.0"
    safe-buffer "^5.0.1"
    sha.js "^2.4.8"

crypto-browserify@^3.11.0:
  version "3.12.0"
  resolved "https://artifacts.werally.in/artifactory/api/npm/npm/crypto-browserify/-/crypto-browserify-3.12.0.tgz#396cf9f3137f03e4b8e532c58f698254e00f80ec"
  integrity sha1-OWz58xN/A+S45TLFj2mCVOAPgOw=
  dependencies:
    browserify-cipher "^1.0.0"
    browserify-sign "^4.0.0"
    create-ecdh "^4.0.0"
    create-hash "^1.1.0"
    create-hmac "^1.1.0"
    diffie-hellman "^5.0.0"
    inherits "^2.0.1"
    pbkdf2 "^3.0.3"
    public-encrypt "^4.0.0"
    randombytes "^2.0.0"
    randomfill "^1.0.3"

csstype@^3.0.8:
  version "3.0.10"
  resolved "https://registry.yarnpkg.com/csstype/-/csstype-3.0.10.tgz#2ad3a7bed70f35b965707c092e5f30b327c290e5"
  integrity sha512-2u44ZG2OcNUO9HDp/Jl8C07x6pU/eTR3ncV91SiK3dhG9TWvRVsCoJw14Ckx5DgWkzGA3waZWO3d7pgqpUI/XA==

debug@^4.3.1:
  version "4.3.3"
  resolved "https://registry.yarnpkg.com/debug/-/debug-4.3.3.tgz#04266e0b70a98d4462e6e288e38259213332b664"
  integrity sha512-/zxw5+vh1Tfv+4Qn7a5nsbcJKPaSvCDhojn6FEl9vupwK2VCSDtEiEtqr8DFtzYFOdz63LBkxec7DYuc2jon6Q==
  dependencies:
    ms "2.1.2"

des.js@^1.0.0:
  version "1.0.1"
  resolved "https://artifacts.werally.in/artifactory/api/npm/npm/des.js/-/des.js-1.0.1.tgz#5382142e1bdc53f85d86d53e5f4aa7deb91e0843"
  integrity sha1-U4IULhvcU/hdhtU+X0qn3rkeCEM=
  dependencies:
    inherits "^2.0.1"
    minimalistic-assert "^1.0.0"

diffie-hellman@^5.0.0:
  version "5.0.3"
  resolved "https://artifacts.werally.in/artifactory/api/npm/npm/diffie-hellman/-/diffie-hellman-5.0.3.tgz#40e8ee98f55a2149607146921c63e1ae5f3d2875"
  integrity sha1-QOjumPVaIUlgcUaSHGPhrl89KHU=
  dependencies:
    bn.js "^4.1.0"
    miller-rabin "^4.0.0"
    randombytes "^2.0.0"

domain-browser@^1.1.1:
  version "1.2.0"
  resolved "https://artifacts.werally.in/artifactory/api/npm/npm/domain-browser/-/domain-browser-1.2.0.tgz#3d31f50191a6749dd1375a7f522e823d42e54eda"
  integrity sha1-PTH1AZGmdJ3RN1p/Ui6CPULlTto=

dompurify@^2.2.7:
  version "2.3.4"
  resolved "https://registry.yarnpkg.com/dompurify/-/dompurify-2.3.4.tgz#1cf5cf0105ccb4debdf6db162525bd41e6ddacc6"
  integrity sha512-6BVcgOAVFXjI0JTjEvZy901Rghm+7fDQOrNIcxB4+gdhj6Kwp6T9VBhBY/AbagKHJocRkDYGd6wvI+p4/10xtQ==

dot-case@^3.0.4:
  version "3.0.4"
  resolved "https://registry.yarnpkg.com/dot-case/-/dot-case-3.0.4.tgz#9b2b670d00a431667a8a75ba29cd1b98809ce751"
  integrity sha512-Kv5nKlh6yRrdrGvxeJ2e5y2eRUpkUosIW4A2AS38zwSz27zu7ufDwQPi5Jhs3XAlGNetl3bmnGhQsMtkKJnj3w==
  dependencies:
    no-case "^3.0.4"
    tslib "^2.0.3"

elliptic@^6.5.3:
  version "6.5.4"
  resolved "https://artifacts.werally.in/artifactory/api/npm/npm/elliptic/-/elliptic-6.5.4.tgz#da37cebd31e79a1367e941b592ed1fbebd58abbb"
  integrity sha1-2jfOvTHnmhNn6UG1ku0fvr1Yq7s=
  dependencies:
    bn.js "^4.11.9"
    brorand "^1.1.0"
    hash.js "^1.0.0"
    hmac-drbg "^1.0.1"
    inherits "^2.0.4"
    minimalistic-assert "^1.0.1"
    minimalistic-crypto-utils "^1.0.1"

eventemitter3@^4.0.7:
  version "4.0.7"
  resolved "https://registry.yarnpkg.com/eventemitter3/-/eventemitter3-4.0.7.tgz#2de9b68f6528d5644ef5c59526a1b4a07306169f"
  integrity sha512-8guHBZCwKnFhYdHr2ysuRWErTwhoN2X8XELRlrRwpmfeY2jjuUN4taQMsULKUVo1K4DvZl+0pgfyoysHxvmvEw==

events@^3.0.0:
  version "3.3.0"
  resolved "https://artifacts.werally.in/artifactory/api/npm/npm/events/-/events-3.3.0.tgz#31a95ad0a924e2d2c419a813aeb2c4e878ea7400"
  integrity sha1-Mala0Kkk4tLEGagTrrLE6HjqdAA=

evp_bytestokey@^1.0.0, evp_bytestokey@^1.0.3:
  version "1.0.3"
  resolved "https://artifacts.werally.in/artifactory/api/npm/npm/evp_bytestokey/-/evp_bytestokey-1.0.3.tgz#7fcbdb198dc71959432efe13842684e0525acb02"
  integrity sha1-f8vbGY3HGVlDLv4ThCaE4FJaywI=
  dependencies:
    md5.js "^1.3.4"
    safe-buffer "^5.1.1"

hash-base@^3.0.0:
  version "3.1.0"
  resolved "https://artifacts.werally.in/artifactory/api/npm/npm/hash-base/-/hash-base-3.1.0.tgz#55c381d9e06e1d2997a883b4a3fddfe7f0d3af33"
  integrity sha1-VcOB2eBuHSmXqIO0o/3f5/DTrzM=
  dependencies:
    inherits "^2.0.4"
    readable-stream "^3.6.0"
    safe-buffer "^5.2.0"

hash.js@^1.0.0, hash.js@^1.0.3:
  version "1.1.7"
  resolved "https://artifacts.werally.in/artifactory/api/npm/npm/hash.js/-/hash.js-1.1.7.tgz#0babca538e8d4ee4a0f8988d68866537a003cf42"
  integrity sha1-C6vKU46NTuSg+JiNaIZlN6ADz0I=
  dependencies:
    inherits "^2.0.3"
    minimalistic-assert "^1.0.1"

hmac-drbg@^1.0.1:
  version "1.0.1"
  resolved "https://artifacts.werally.in/artifactory/api/npm/npm/hmac-drbg/-/hmac-drbg-1.0.1.tgz#d2745701025a6c775a6c545793ed502fc0c649a1"
  integrity sha1-0nRXAQJabHdabFRXk+1QL8DGSaE=
  dependencies:
    hash.js "^1.0.3"
    minimalistic-assert "^1.0.0"
    minimalistic-crypto-utils "^1.0.1"

https-browserify@^1.0.0:
  version "1.0.0"
  resolved "https://artifacts.werally.in/artifactory/api/npm/npm/https-browserify/-/https-browserify-1.0.0.tgz#ec06c10e0a34c0f2faf199f7fd7fc78fffd03c73"
  integrity sha1-7AbBDgo0wPL68Zn3/X/Hj//QPHM=

ieee754@^1.1.4:
  version "1.2.1"
  resolved "https://artifacts.werally.in/artifactory/api/npm/npm/ieee754/-/ieee754-1.2.1.tgz#8eb7a10a63fff25d15a57b001586d177d1b0d352"
  integrity sha1-jrehCmP/8l0VpXsAFYbRd9Gw01I=

inherits@2.0.1:
  version "2.0.1"
  resolved "https://artifacts.werally.in/artifactory/api/npm/npm/inherits/-/inherits-2.0.1.tgz#b17d08d326b4423e568eff719f91b0b1cbdf69f1"
  integrity sha1-sX0I0ya0Qj5Wjv9xn5GwscvfafE=

inherits@2.0.3:
  version "2.0.3"
  resolved "https://artifacts.werally.in/artifactory/api/npm/npm/inherits/-/inherits-2.0.3.tgz#633c2c83e3da42a502f52466022480f4208261de"
  integrity sha1-Yzwsg+PaQqUC9SRmAiSA9CCCYd4=

inherits@^2.0.1, inherits@^2.0.3, inherits@^2.0.4, inherits@~2.0.1, inherits@~2.0.3:
  version "2.0.4"
  resolved "https://artifacts.werally.in/artifactory/api/npm/npm/inherits/-/inherits-2.0.4.tgz#0fa2c64f932917c3433a0ded55363aae37416b7c"
  integrity sha1-D6LGT5MpF8NDOg3tVTY6rjdBa3w=

isarray@^1.0.0, isarray@~1.0.0:
  version "1.0.0"
  resolved "https://artifacts.werally.in/artifactory/api/npm/npm/isarray/-/isarray-1.0.0.tgz#bb935d48582cba168c06834957a54a3e07124f11"
  integrity sha1-u5NdSFgsuhaMBoNJV6VKPgcSTxE=

isexe@^2.0.0:
  version "2.0.0"
  resolved "https://artifacts.werally.in/artifactory/api/npm/npm/isexe/-/isexe-2.0.0.tgz#e8fbf374dc556ff8947a10dcb0572d633f2cfa10"
  integrity sha1-6PvzdNxVb/iUehDcsFctYz8s+hA=

lower-case@^2.0.2:
  version "2.0.2"
  resolved "https://registry.yarnpkg.com/lower-case/-/lower-case-2.0.2.tgz#6fa237c63dbdc4a82ca0fd882e4722dc5e634e28"
  integrity sha512-7fm3l3NAF9WfN6W3JOmf5drwpVqX78JtoGJ3A6W0a6ZnldM41w2fV5D490psKFTpMds8TJse/eHLFFsNHHjHgg==
  dependencies:
    tslib "^2.0.3"

md5.js@^1.3.4:
  version "1.3.5"
  resolved "https://artifacts.werally.in/artifactory/api/npm/npm/md5.js/-/md5.js-1.3.5.tgz#b5d07b8e3216e3e27cd728d72f70d1e6a342005f"
  integrity sha1-tdB7jjIW4+J81yjXL3DR5qNCAF8=
  dependencies:
    hash-base "^3.0.0"
    inherits "^2.0.1"
    safe-buffer "^5.1.2"

miller-rabin@^4.0.0:
  version "4.0.1"
  resolved "https://artifacts.werally.in/artifactory/api/npm/npm/miller-rabin/-/miller-rabin-4.0.1.tgz#f080351c865b0dc562a8462966daa53543c78a4d"
  integrity sha1-8IA1HIZbDcViqEYpZtqlNUPHik0=
  dependencies:
    bn.js "^4.0.0"
    brorand "^1.0.1"

minimalistic-assert@^1.0.0, minimalistic-assert@^1.0.1:
  version "1.0.1"
  resolved "https://artifacts.werally.in/artifactory/api/npm/npm/minimalistic-assert/-/minimalistic-assert-1.0.1.tgz#2e194de044626d4a10e7f7fbc00ce73e83e4d5c7"
  integrity sha1-LhlN4ERibUoQ5/f7wAznPoPk1cc=

minimalistic-crypto-utils@^1.0.1:
  version "1.0.1"
  resolved "https://artifacts.werally.in/artifactory/api/npm/npm/minimalistic-crypto-utils/-/minimalistic-crypto-utils-1.0.1.tgz#f6c00c1c0b082246e5c4d99dfb8c7c083b2b582a"
  integrity sha1-9sAMHAsIIkblxNmd+4x8CDsrWCo=

ms@2.1.2:
  version "2.1.2"
  resolved "https://registry.yarnpkg.com/ms/-/ms-2.1.2.tgz#d09d1f357b443f493382a8eb3ccd183872ae6009"
  integrity sha512-sGkPx+VjMtmA6MX27oA4FBFELFCZZ4S4XqeGOXCv68tT+jb3vk/RyaKWP0PTKyWtmLSM0b+adUTEvbs1PEaH2w==

no-case@^3.0.4:
  version "3.0.4"
  resolved "https://registry.yarnpkg.com/no-case/-/no-case-3.0.4.tgz#d361fd5c9800f558551a8369fc0dcd4662b6124d"
  integrity sha512-fgAN3jGAh+RoxUGZHTSOLJIqUc2wmoBwGR4tbpNAKmmovFoWq0OdRkb0VkldReO2a2iBT/OEulG9XSUc10r3zg==
  dependencies:
    lower-case "^2.0.2"
    tslib "^2.0.3"

node-libs-browser@^2.2.1:
  version "2.2.1"
  resolved "https://artifacts.werally.in/artifactory/api/npm/npm/node-libs-browser/-/node-libs-browser-2.2.1.tgz#b64f513d18338625f90346d27b0d235e631f6425"
  integrity sha1-tk9RPRgzhiX5A0bSew0jXmMfZCU=
  dependencies:
    assert "^1.1.1"
    browserify-zlib "^0.2.0"
    buffer "^4.3.0"
    console-browserify "^1.1.0"
    constants-browserify "^1.0.0"
    crypto-browserify "^3.11.0"
    domain-browser "^1.1.1"
    events "^3.0.0"
    https-browserify "^1.0.0"
    os-browserify "^0.3.0"
    path-browserify "0.0.1"
    process "^0.11.10"
    punycode "^1.2.4"
    querystring-es3 "^0.2.0"
    readable-stream "^2.3.3"
    stream-browserify "^2.0.1"
    stream-http "^2.7.2"
    string_decoder "^1.0.0"
    timers-browserify "^2.0.4"
    tty-browserify "0.0.0"
    url "^0.11.0"
    util "^0.11.0"
    vm-browserify "^1.0.1"

object-assign@^4.1.1:
  version "4.1.1"
  resolved "https://artifacts.werally.in/artifactory/api/npm/npm/object-assign/-/object-assign-4.1.1.tgz#2109adc7965887cfc05cbbd442cac8bfbb360863"
  integrity sha1-IQmtx5ZYh8/AXLvUQsrIv7s2CGM=

os-browserify@^0.3.0:
  version "0.3.0"
  resolved "https://artifacts.werally.in/artifactory/api/npm/npm/os-browserify/-/os-browserify-0.3.0.tgz#854373c7f5c2315914fc9bfc6bd8238fdda1ec27"
  integrity sha1-hUNzx/XCMVkU/Jv8a9gjj92h7Cc=

pako@~1.0.5:
  version "1.0.11"
  resolved "https://artifacts.werally.in/artifactory/api/npm/npm/pako/-/pako-1.0.11.tgz#6c9599d340d54dfd3946380252a35705a6b992bf"
  integrity sha1-bJWZ00DVTf05RjgCUqNXBaa5kr8=

parse-asn1@^5.0.0, parse-asn1@^5.1.5:
  version "5.1.6"
  resolved "https://artifacts.werally.in/artifactory/api/npm/npm/parse-asn1/-/parse-asn1-5.1.6.tgz#385080a3ec13cb62a62d39409cb3e88844cdaed4"
  integrity sha1-OFCAo+wTy2KmLTlAnLPoiETNrtQ=
  dependencies:
    asn1.js "^5.2.0"
    browserify-aes "^1.0.0"
    evp_bytestokey "^1.0.0"
    pbkdf2 "^3.0.3"
    safe-buffer "^5.1.1"

path-browserify@0.0.1:
  version "0.0.1"
  resolved "https://artifacts.werally.in/artifactory/api/npm/npm/path-browserify/-/path-browserify-0.0.1.tgz#e6c4ddd7ed3aa27c68a20cc4e50e1a4ee83bbc4a"
  integrity sha1-5sTd1+06onxoogzE5Q4aTug7vEo=

path@^0.12.7:
  version "0.12.7"
  resolved "https://registry.yarnpkg.com/path/-/path-0.12.7.tgz#d4dc2a506c4ce2197eb481ebfcd5b36c0140b10f"
  integrity sha1-1NwqUGxM4hl+tIHr/NWzbAFAsQ8=
  dependencies:
    process "^0.11.1"
    util "^0.10.3"

pbkdf2@^3.0.3:
  version "3.1.2"
  resolved "https://artifacts.werally.in/artifactory/api/npm/npm/pbkdf2/-/pbkdf2-3.1.2.tgz#dd822aa0887580e52f1a039dc3eda108efae3075"
  integrity sha1-3YIqoIh1gOUvGgOdw+2hCO+uMHU=
  dependencies:
    create-hash "^1.1.2"
    create-hmac "^1.1.4"
    ripemd160 "^2.0.1"
    safe-buffer "^5.0.1"
    sha.js "^2.4.8"

process-nextick-args@~2.0.0:
  version "2.0.1"
  resolved "https://artifacts.werally.in/artifactory/api/npm/npm/process-nextick-args/-/process-nextick-args-2.0.1.tgz#7820d9b16120cc55ca9ae7792680ae7dba6d7fe2"
  integrity sha1-eCDZsWEgzFXKmud5JoCufbptf+I=

process@^0.11.1, process@^0.11.10:
  version "0.11.10"
  resolved "https://artifacts.werally.in/artifactory/api/npm/npm/process/-/process-0.11.10.tgz#7332300e840161bda3e69a1d1d91a7d4bc16f182"
  integrity sha1-czIwDoQBYb2j5podHZGn1LwW8YI=

public-encrypt@^4.0.0:
  version "4.0.3"
  resolved "https://artifacts.werally.in/artifactory/api/npm/npm/public-encrypt/-/public-encrypt-4.0.3.tgz#4fcc9d77a07e48ba7527e7cbe0de33d0701331e0"
  integrity sha1-T8ydd6B+SLp1J+fL4N4z0HATMeA=
  dependencies:
    bn.js "^4.1.0"
    browserify-rsa "^4.0.0"
    create-hash "^1.1.0"
    parse-asn1 "^5.0.0"
    randombytes "^2.0.1"
    safe-buffer "^5.1.2"

punycode@1.3.2:
  version "1.3.2"
  resolved "https://artifacts.werally.in/artifactory/api/npm/npm/punycode/-/punycode-1.3.2.tgz#9653a036fb7c1ee42342f2325cceefea3926c48d"
  integrity sha1-llOgNvt8HuQjQvIyXM7v6jkmxI0=

punycode@^1.2.4:
  version "1.4.1"
  resolved "https://artifacts.werally.in/artifactory/api/npm/npm/punycode/-/punycode-1.4.1.tgz#c0d5a63b2718800ad8e1eb0fa5269c84dd41845e"
  integrity sha1-wNWmOycYgArY4esPpSachN1BhF4=

querystring-es3@^0.2.0:
  version "0.2.1"
  resolved "https://artifacts.werally.in/artifactory/api/npm/npm/querystring-es3/-/querystring-es3-0.2.1.tgz#9ec61f79049875707d69414596fd907a4d711e73"
  integrity sha1-nsYfeQSYdXB9aUFFlv2Qek1xHnM=

querystring@0.2.0:
  version "0.2.0"
  resolved "https://artifacts.werally.in/artifactory/api/npm/npm/querystring/-/querystring-0.2.0.tgz#b209849203bb25df820da756e747005878521620"
  integrity sha1-sgmEkgO7Jd+CDadW50cAWHhSFiA=

randombytes@^2.0.0, randombytes@^2.0.1, randombytes@^2.0.5:
  version "2.1.0"
  resolved "https://artifacts.werally.in/artifactory/api/npm/npm/randombytes/-/randombytes-2.1.0.tgz#df6f84372f0270dc65cdf6291349ab7a473d4f2a"
  integrity sha1-32+ENy8CcNxlzfYpE0mrekc9Tyo=
  dependencies:
    safe-buffer "^5.1.0"

randomfill@^1.0.3:
  version "1.0.4"
  resolved "https://artifacts.werally.in/artifactory/api/npm/npm/randomfill/-/randomfill-1.0.4.tgz#c92196fc86ab42be983f1bf31778224931d61458"
  integrity sha1-ySGW/IarQr6YPxvzF3giSTHWFFg=
  dependencies:
    randombytes "^2.0.5"
    safe-buffer "^5.1.0"

readable-stream@^2.0.2, readable-stream@^2.3.3, readable-stream@^2.3.6:
  version "2.3.7"
  resolved "https://artifacts.werally.in/artifactory/api/npm/npm/readable-stream/-/readable-stream-2.3.7.tgz#1eca1cf711aef814c04f62252a36a62f6cb23b57"
  integrity sha1-Hsoc9xGu+BTAT2IlKjamL2yyO1c=
  dependencies:
    core-util-is "~1.0.0"
    inherits "~2.0.3"
    isarray "~1.0.0"
    process-nextick-args "~2.0.0"
    safe-buffer "~5.1.1"
    string_decoder "~1.1.1"
    util-deprecate "~1.0.1"

readable-stream@^3.6.0:
  version "3.6.0"
  resolved "https://artifacts.werally.in/artifactory/api/npm/npm/readable-stream/-/readable-stream-3.6.0.tgz#337bbda3adc0706bd3e024426a286d4b4b2c9198"
  integrity sha1-M3u9o63AcGvT4CRCaihtS0sskZg=
  dependencies:
    inherits "^2.0.3"
    string_decoder "^1.1.1"
    util-deprecate "^1.0.1"

readline-sync@^1.4.7:
  version "1.4.10"
  resolved "https://artifacts.werally.in/artifactory/api/npm/npm/readline-sync/-/readline-sync-1.4.10.tgz#41df7fbb4b6312d673011594145705bf56d8873b"
  integrity sha1-Qd9/u0tjEtZzARWUFFcFv1bYhzs=

ripemd160@^2.0.0, ripemd160@^2.0.1:
  version "2.0.2"
  resolved "https://artifacts.werally.in/artifactory/api/npm/npm/ripemd160/-/ripemd160-2.0.2.tgz#a1c1a6f624751577ba5d07914cbc92850585890c"
  integrity sha1-ocGm9iR1FXe6XQeRTLyShQWFiQw=
  dependencies:
    hash-base "^3.0.0"
    inherits "^2.0.1"

safe-buffer@^5.0.1, safe-buffer@^5.1.0, safe-buffer@^5.1.1, safe-buffer@^5.1.2, safe-buffer@^5.2.0, safe-buffer@~5.2.0:
  version "5.2.1"
  resolved "https://artifacts.werally.in/artifactory/api/npm/npm/safe-buffer/-/safe-buffer-5.2.1.tgz#1eaf9fa9bdb1fdd4ec75f58f9cdb4e6b7827eec6"
  integrity sha1-Hq+fqb2x/dTsdfWPnNtOa3gn7sY=

safe-buffer@~5.1.0, safe-buffer@~5.1.1:
  version "5.1.2"
  resolved "https://artifacts.werally.in/artifactory/api/npm/npm/safe-buffer/-/safe-buffer-5.1.2.tgz#991ec69d296e0313747d59bdfd2b745c35f8828d"
  integrity sha1-mR7GnSluAxN0fVm9/St0XDX4go0=

safer-buffer@^2.1.0:
  version "2.1.2"
  resolved "https://artifacts.werally.in/artifactory/api/npm/npm/safer-buffer/-/safer-buffer-2.1.2.tgz#44fa161b0187b9549dd84bb91802f9bd8385cd6a"
  integrity sha1-RPoWGwGHuVSd2Eu5GAL5vYOFzWo=

setimmediate@^1.0.4:
  version "1.0.5"
  resolved "https://artifacts.werally.in/artifactory/api/npm/npm/setimmediate/-/setimmediate-1.0.5.tgz#290cbb232e306942d7d7ea9b83732ab7856f8285"
  integrity sha1-KQy7Iy4waULX1+qbg3Mqt4VvgoU=

sha.js@^2.4.0, sha.js@^2.4.8:
  version "2.4.11"
  resolved "https://artifacts.werally.in/artifactory/api/npm/npm/sha.js/-/sha.js-2.4.11.tgz#37a5cf0b81ecbc6943de109ba2960d1b26584ae7"
  integrity sha1-N6XPC4HsvGlD3hCbopYNGyZYSuc=
  dependencies:
    inherits "^2.0.1"
    safe-buffer "^5.0.1"

shadow-cljs-jar@1.3.2:
  version "1.3.2"
  resolved "https://artifacts.werally.in/artifactory/api/npm/npm/shadow-cljs-jar/-/shadow-cljs-jar-1.3.2.tgz#97273afe1747b6a2311917c1c88d9e243c81957b"
  integrity sha1-lyc6/hdHtqIxGRfByI2eJDyBlXs=

shadow-cljs@2.16.2:
  version "2.16.2"
  resolved "https://artifacts.werally.in/artifactory/api/npm/npm/shadow-cljs/-/shadow-cljs-2.16.2.tgz#24f10dc8899f7e373f0722e8196970d74e61cf9c"
  integrity sha1-JPENyImffjc/ByLoGWlw105hz5w=
  dependencies:
    node-libs-browser "^2.2.1"
    readline-sync "^1.4.7"
    shadow-cljs-jar "1.3.2"
    source-map-support "^0.4.15"
    which "^1.3.1"
    ws "^7.4.6"

snake-case@^3.0.4:
  version "3.0.4"
  resolved "https://registry.yarnpkg.com/snake-case/-/snake-case-3.0.4.tgz#4f2bbd568e9935abdfd593f34c691dadb49c452c"
  integrity sha512-LAOh4z89bGQvl9pFfNF8V146i7o7/CqFPbqzYgP+yYzDIDeS9HaNFtXABamRW+AQzEVODcvE79ljJ+8a9YSdMg==
  dependencies:
    dot-case "^3.0.4"
    tslib "^2.0.3"

source-map-support@^0.4.15:
  version "0.4.18"
  resolved "https://artifacts.werally.in/artifactory/api/npm/npm/source-map-support/-/source-map-support-0.4.18.tgz#0286a6de8be42641338594e97ccea75f0a2c585f"
  integrity sha1-Aoam3ovkJkEzhZTpfM6nXwosWF8=
  dependencies:
    source-map "^0.5.6"

source-map@^0.5.6:
  version "0.5.7"
  resolved "https://artifacts.werally.in/artifactory/api/npm/npm/source-map/-/source-map-0.5.7.tgz#8a039d2d1021d22d1ea14c80d8ea468ba2ef3fcc"
  integrity sha1-igOdLRAh0i0eoUyA2OpGi6LvP8w=

stream-browserify@^2.0.1:
  version "2.0.2"
  resolved "https://artifacts.werally.in/artifactory/api/npm/npm/stream-browserify/-/stream-browserify-2.0.2.tgz#87521d38a44aa7ee91ce1cd2a47df0cb49dd660b"
  integrity sha1-h1IdOKRKp+6RzhzSpH3wy0ndZgs=
  dependencies:
    inherits "~2.0.1"
    readable-stream "^2.0.2"

stream-http@^2.7.2:
  version "2.8.3"
  resolved "https://artifacts.werally.in/artifactory/api/npm/npm/stream-http/-/stream-http-2.8.3.tgz#b2d242469288a5a27ec4fe8933acf623de6514fc"
  integrity sha1-stJCRpKIpaJ+xP6JM6z2I95lFPw=
  dependencies:
    builtin-status-codes "^3.0.0"
    inherits "^2.0.1"
    readable-stream "^2.3.6"
    to-arraybuffer "^1.0.0"
    xtend "^4.0.0"

string_decoder@^1.0.0, string_decoder@^1.1.1:
  version "1.3.0"
  resolved "https://artifacts.werally.in/artifactory/api/npm/npm/string_decoder/-/string_decoder-1.3.0.tgz#42f114594a46cf1a8e30b0a84f56c78c3edac21e"
  integrity sha1-QvEUWUpGzxqOMLCoT1bHjD7awh4=
  dependencies:
    safe-buffer "~5.2.0"

string_decoder@~1.1.1:
  version "1.1.1"
  resolved "https://artifacts.werally.in/artifactory/api/npm/npm/string_decoder/-/string_decoder-1.1.1.tgz#9cf1611ba62685d7030ae9e4ba34149c3af03fc8"
  integrity sha1-nPFhG6YmhdcDCunkujQUnDrwP8g=
  dependencies:
    safe-buffer "~5.1.0"

timers-browserify@^2.0.4:
  version "2.0.12"
  resolved "https://artifacts.werally.in/artifactory/api/npm/npm/timers-browserify/-/timers-browserify-2.0.12.tgz#44a45c11fbf407f34f97bccd1577c652361b00ee"
  integrity sha1-RKRcEfv0B/NPl7zNFXfGUjYbAO4=
  dependencies:
    setimmediate "^1.0.4"

to-arraybuffer@^1.0.0:
  version "1.0.1"
  resolved "https://artifacts.werally.in/artifactory/api/npm/npm/to-arraybuffer/-/to-arraybuffer-1.0.1.tgz#7d229b1fcc637e466ca081180836a7aabff83f43"
  integrity sha1-fSKbH8xjfkZsoIEYCDanqr/4P0M=

tslib@^2.0.3:
  version "2.3.1"
  resolved "https://registry.yarnpkg.com/tslib/-/tslib-2.3.1.tgz#e8a335add5ceae51aa261d32a490158ef042ef01"
  integrity sha512-77EbyPPpMz+FRFRuAFlWMtmgUWGe9UOG2Z25NqCwiIjRhOf5iKGuzSe5P2w1laq+FkRy4p+PCuVkJSGkzTEKVw==

tty-browserify@0.0.0:
  version "0.0.0"
  resolved "https://artifacts.werally.in/artifactory/api/npm/npm/tty-browserify/-/tty-browserify-0.0.0.tgz#a157ba402da24e9bf957f9aa69d524eed42901a6"
  integrity sha1-oVe6QC2iTpv5V/mqadUk7tQpAaY=

url@^0.11.0:
  version "0.11.0"
  resolved "https://artifacts.werally.in/artifactory/api/npm/npm/url/-/url-0.11.0.tgz#3838e97cfc60521eb73c525a8e55bfdd9e2e28f1"
  integrity sha1-ODjpfPxgUh63PFJajlW/3Z4uKPE=
  dependencies:
    punycode "1.3.2"
    querystring "0.2.0"

util-deprecate@^1.0.1, util-deprecate@~1.0.1:
  version "1.0.2"
  resolved "https://artifacts.werally.in/artifactory/api/npm/npm/util-deprecate/-/util-deprecate-1.0.2.tgz#450d4dc9fa70de732762fbd2d4a28981419a0ccf"
  integrity sha1-RQ1Nyfpw3nMnYvvS1KKJgUGaDM8=

util@0.10.3:
  version "0.10.3"
  resolved "https://artifacts.werally.in/artifactory/api/npm/npm/util/-/util-0.10.3.tgz#7afb1afe50805246489e3db7fe0ed379336ac0f9"
  integrity sha1-evsa/lCAUkZInj23/g7TeTNqwPk=
  dependencies:
    inherits "2.0.1"

util@^0.10.3:
  version "0.10.4"
  resolved "https://registry.yarnpkg.com/util/-/util-0.10.4.tgz#3aa0125bfe668a4672de58857d3ace27ecb76901"
  integrity sha512-0Pm9hTQ3se5ll1XihRic3FDIku70C+iHUdT/W926rSgHV5QgXsYbKZN8MSC3tJtSkhuROzvsQjAaFENRXr+19A==
  dependencies:
    inherits "2.0.3"

util@^0.11.0:
  version "0.11.1"
  resolved "https://artifacts.werally.in/artifactory/api/npm/npm/util/-/util-0.11.1.tgz#3236733720ec64bb27f6e26f421aaa2e1b588d61"
  integrity sha1-MjZzNyDsZLsn9uJvQhqqLhtYjWE=
  dependencies:
    inherits "2.0.3"

vm-browserify@^1.0.1:
  version "1.1.2"
  resolved "https://artifacts.werally.in/artifactory/api/npm/npm/vm-browserify/-/vm-browserify-1.1.2.tgz#78641c488b8e6ca91a75f511e7a3b32a86e5dda0"
  integrity sha1-eGQcSIuObKkadfUR56OzKobl3aA=

which@^1.3.1:
  version "1.3.1"
  resolved "https://artifacts.werally.in/artifactory/api/npm/npm/which/-/which-1.3.1.tgz#a45043d54f5805316da8d62f9f50918d3da70b0a"
  integrity sha1-pFBD1U9YBTFtqNYvn1CRjT2nCwo=
  dependencies:
    isexe "^2.0.0"

ws@^7.4.6:
  version "7.5.6"
  resolved "https://artifacts.werally.in/artifactory/api/npm/npm/ws/-/ws-7.5.6.tgz#e59fc509fb15ddfb65487ee9765c5a51dec5fe7b"
  integrity sha1-5Z/FCfsV3ftlSH7pdlxaUd7F/ns=

xtend@^4.0.0:
  version "4.0.2"
  resolved "https://artifacts.werally.in/artifactory/api/npm/npm/xtend/-/xtend-4.0.2.tgz#bb72779f5fa465186b1f438f674fa347fdb5db54"
  integrity sha1-u3J3n1+kZRhrH0OPZ0+jR/2121Q=
